// !$*UTF8*$!
{
	archiveVersion = 1;
	classes = {
	};
	objectVersion = 46;
	objects = {

/* Begin PBXBuildFile section */
		990866411AC53B0200F20A5E /* SwiftyJSON.swift in Sources */ = {isa = PBXBuildFile; fileRef = 990866401AC53B0200F20A5E /* SwiftyJSON.swift */; };
		9915DC1E1AC1433E0071E2F3 /* icon_meeting.png in Resources */ = {isa = PBXBuildFile; fileRef = 9915DC1D1AC1433E0071E2F3 /* icon_meeting.png */; };
		992579F51AB66E3B007FC453 /* main_bg01.png in Resources */ = {isa = PBXBuildFile; fileRef = 992579F41AB66E3B007FC453 /* main_bg01.png */; };
		992579F71AB66EC6007FC453 /* head_portrait_bg.png in Resources */ = {isa = PBXBuildFile; fileRef = 992579F61AB66EC6007FC453 /* head_portrait_bg.png */; };
		992579F91AB670F6007FC453 /* icon_setting.png in Resources */ = {isa = PBXBuildFile; fileRef = 992579F81AB670F6007FC453 /* icon_setting.png */; };
		99AE154A1AC0FE6E00EDF0B0 /* Images.xcassets in Resources */ = {isa = PBXBuildFile; fileRef = 99AE15491AC0FE6E00EDF0B0 /* Images.xcassets */; };
		99AE154C1AC1373200EDF0B0 /* AppWebController.swift in Sources */ = {isa = PBXBuildFile; fileRef = 99AE154B1AC1373200EDF0B0 /* AppWebController.swift */; };
		99B3EB0C1ABBBFB200EABEB6 /* tab_app.png in Resources */ = {isa = PBXBuildFile; fileRef = 99B3EB081ABBBFB200EABEB6 /* tab_app.png */; };
		99B3EB0D1ABBBFB200EABEB6 /* tab_main.png in Resources */ = {isa = PBXBuildFile; fileRef = 99B3EB091ABBBFB200EABEB6 /* tab_main.png */; };
		99B3EB0E1ABBBFB200EABEB6 /* tab_me.png in Resources */ = {isa = PBXBuildFile; fileRef = 99B3EB0A1ABBBFB200EABEB6 /* tab_me.png */; };
		99B3EB0F1ABBBFB200EABEB6 /* tab_show.png in Resources */ = {isa = PBXBuildFile; fileRef = 99B3EB0B1ABBBFB200EABEB6 /* tab_show.png */; };
		99B5636C1AC3B9F100655591 /* ReportCell.swift in Sources */ = {isa = PBXBuildFile; fileRef = 99B5636B1AC3B9F100655591 /* ReportCell.swift */; };
		99BA91101AB8009900A1EE1C /* icon_touxiang.png in Resources */ = {isa = PBXBuildFile; fileRef = 99BA910F1AB8009900A1EE1C /* icon_touxiang.png */; };
		99BA91121AB800BD00A1EE1C /* icon_person.png in Resources */ = {isa = PBXBuildFile; fileRef = 99BA91111AB800BD00A1EE1C /* icon_person.png */; };
		99BA91141AB800DE00A1EE1C /* icon_password.png in Resources */ = {isa = PBXBuildFile; fileRef = 99BA91131AB800DE00A1EE1C /* icon_password.png */; };
		99BA91161AB8012800A1EE1C /* icon_contact.png in Resources */ = {isa = PBXBuildFile; fileRef = 99BA91151AB8012800A1EE1C /* icon_contact.png */; };
		99BDAD3A1AC501C90054F760 /* NetworkUtil.swift in Sources */ = {isa = PBXBuildFile; fileRef = 99BDAD391AC501C90054F760 /* NetworkUtil.swift */; };
		99BDAD3C1AC51CC20054F760 /* HTTPTask.swift in Sources */ = {isa = PBXBuildFile; fileRef = 99BDAD3B1AC51CC20054F760 /* HTTPTask.swift */; };
		99BDAD3F1AC51DB20054F760 /* HTTPRequestSerializer.swift in Sources */ = {isa = PBXBuildFile; fileRef = 99BDAD3D1AC51DB20054F760 /* HTTPRequestSerializer.swift */; };
		99BDAD401AC51DB20054F760 /* HTTPResponseSerializer.swift in Sources */ = {isa = PBXBuildFile; fileRef = 99BDAD3E1AC51DB20054F760 /* HTTPResponseSerializer.swift */; };
		99BDAD421AC51DD50054F760 /* HTTPUpload.swift in Sources */ = {isa = PBXBuildFile; fileRef = 99BDAD411AC51DD50054F760 /* HTTPUpload.swift */; };
		99D4780A1AC13DC80008A91C /* AppController.swift in Sources */ = {isa = PBXBuildFile; fileRef = 99D478091AC13DC80008A91C /* AppController.swift */; };
		99E468AA1AB2906E00067E16 /* AppDelegate.swift in Sources */ = {isa = PBXBuildFile; fileRef = 99E468A91AB2906E00067E16 /* AppDelegate.swift */; };
		99E468AF1AB2906E00067E16 /* Main.storyboard in Resources */ = {isa = PBXBuildFile; fileRef = 99E468AD1AB2906E00067E16 /* Main.storyboard */; };
		99E468B41AB2906E00067E16 /* LaunchScreen.xib in Resources */ = {isa = PBXBuildFile; fileRef = 99E468B21AB2906E00067E16 /* LaunchScreen.xib */; };
		99E468C01AB2906E00067E16 /* yzt4iosTests.swift in Sources */ = {isa = PBXBuildFile; fileRef = 99E468BF1AB2906E00067E16 /* yzt4iosTests.swift */; };
		99E468D31AB290DA00067E16 /* ConversationController.swift in Sources */ = {isa = PBXBuildFile; fileRef = 99E468C91AB290DA00067E16 /* ConversationController.swift */; };
		99E468D41AB290DA00067E16 /* HomePageCell.swift in Sources */ = {isa = PBXBuildFile; fileRef = 99E468CA1AB290DA00067E16 /* HomePageCell.swift */; };
		99E468D51AB290DA00067E16 /* HomePageController.swift in Sources */ = {isa = PBXBuildFile; fileRef = 99E468CB1AB290DA00067E16 /* HomePageController.swift */; };
		99E468D61AB290DA00067E16 /* icon_application_small.png in Resources */ = {isa = PBXBuildFile; fileRef = 99E468CC1AB290DA00067E16 /* icon_application_small.png */; };
		99E468D71AB290DA00067E16 /* icon_home.png in Resources */ = {isa = PBXBuildFile; fileRef = 99E468CD1AB290DA00067E16 /* icon_home.png */; };
		99E468D81AB290DA00067E16 /* icon_list.png in Resources */ = {isa = PBXBuildFile; fileRef = 99E468CE1AB290DA00067E16 /* icon_list.png */; };
		99E468D91AB290DA00067E16 /* icon_my.png in Resources */ = {isa = PBXBuildFile; fileRef = 99E468CF1AB290DA00067E16 /* icon_my.png */; };
		99E468DA1AB290DA00067E16 /* MainController.swift in Sources */ = {isa = PBXBuildFile; fileRef = 99E468D01AB290DA00067E16 /* MainController.swift */; };
		99E468DB1AB290DA00067E16 /* MineController.swift in Sources */ = {isa = PBXBuildFile; fileRef = 99E468D11AB290DA00067E16 /* MineController.swift */; };
		99E468DC1AB290DA00067E16 /* ReportController.swift in Sources */ = {isa = PBXBuildFile; fileRef = 99E468D21AB290DA00067E16 /* ReportController.swift */; };
		99E468DF1AB2AC1C00067E16 /* ReachabilityType.swift in Sources */ = {isa = PBXBuildFile; fileRef = 99E468DE1AB2AC1C00067E16 /* ReachabilityType.swift */; };
		99E468E11AB2B3FD00067E16 /* install_04.png in Resources */ = {isa = PBXBuildFile; fileRef = 99E468E01AB2B3FD00067E16 /* install_04.png */; };
		99E468E41AB2C52F00067E16 /* UserModel.swift in Sources */ = {isa = PBXBuildFile; fileRef = 99E468E31AB2C52F00067E16 /* UserModel.swift */; };
/* End PBXBuildFile section */

/* Begin PBXContainerItemProxy section */
		99E468BA1AB2906E00067E16 /* PBXContainerItemProxy */ = {
			isa = PBXContainerItemProxy;
			containerPortal = 99E4689C1AB2906E00067E16 /* Project object */;
			proxyType = 1;
			remoteGlobalIDString = 99E468A31AB2906E00067E16;
			remoteInfo = yzt4ios;
		};
/* End PBXContainerItemProxy section */

/* Begin PBXFileReference section */
		990866401AC53B0200F20A5E /* SwiftyJSON.swift */ = {isa = PBXFileReference; fileEncoding = 4; lastKnownFileType = sourcecode.swift; path = SwiftyJSON.swift; sourceTree = "<group>"; };
		9915DC1D1AC1433E0071E2F3 /* icon_meeting.png */ = {isa = PBXFileReference; lastKnownFileType = image.png; path = icon_meeting.png; sourceTree = "<group>"; };
		992579F41AB66E3B007FC453 /* main_bg01.png */ = {isa = PBXFileReference; lastKnownFileType = image.png; path = main_bg01.png; sourceTree = "<group>"; };
		992579F61AB66EC6007FC453 /* head_portrait_bg.png */ = {isa = PBXFileReference; lastKnownFileType = image.png; path = head_portrait_bg.png; sourceTree = "<group>"; };
		992579F81AB670F6007FC453 /* icon_setting.png */ = {isa = PBXFileReference; lastKnownFileType = image.png; path = icon_setting.png; sourceTree = "<group>"; };
		99AE15491AC0FE6E00EDF0B0 /* Images.xcassets */ = {isa = PBXFileReference; lastKnownFileType = folder.assetcatalog; path = Images.xcassets; sourceTree = "<group>"; };
		99AE154B1AC1373200EDF0B0 /* AppWebController.swift */ = {isa = PBXFileReference; fileEncoding = 4; lastKnownFileType = sourcecode.swift; path = AppWebController.swift; sourceTree = "<group>"; };
		99B3EB081ABBBFB200EABEB6 /* tab_app.png */ = {isa = PBXFileReference; lastKnownFileType = image.png; path = tab_app.png; sourceTree = "<group>"; };
		99B3EB091ABBBFB200EABEB6 /* tab_main.png */ = {isa = PBXFileReference; lastKnownFileType = image.png; path = tab_main.png; sourceTree = "<group>"; };
		99B3EB0A1ABBBFB200EABEB6 /* tab_me.png */ = {isa = PBXFileReference; lastKnownFileType = image.png; path = tab_me.png; sourceTree = "<group>"; };
		99B3EB0B1ABBBFB200EABEB6 /* tab_show.png */ = {isa = PBXFileReference; lastKnownFileType = image.png; path = tab_show.png; sourceTree = "<group>"; };
		99B5636B1AC3B9F100655591 /* ReportCell.swift */ = {isa = PBXFileReference; fileEncoding = 4; lastKnownFileType = sourcecode.swift; path = ReportCell.swift; sourceTree = "<group>"; };
		99BA910F1AB8009900A1EE1C /* icon_touxiang.png */ = {isa = PBXFileReference; lastKnownFileType = image.png; path = icon_touxiang.png; sourceTree = "<group>"; };
		99BA91111AB800BD00A1EE1C /* icon_person.png */ = {isa = PBXFileReference; lastKnownFileType = image.png; path = icon_person.png; sourceTree = "<group>"; };
		99BA91131AB800DE00A1EE1C /* icon_password.png */ = {isa = PBXFileReference; lastKnownFileType = image.png; path = icon_password.png; sourceTree = "<group>"; };
		99BA91151AB8012800A1EE1C /* icon_contact.png */ = {isa = PBXFileReference; lastKnownFileType = image.png; path = icon_contact.png; sourceTree = "<group>"; };
		99BDAD391AC501C90054F760 /* NetworkUtil.swift */ = {isa = PBXFileReference; fileEncoding = 4; lastKnownFileType = sourcecode.swift; path = NetworkUtil.swift; sourceTree = "<group>"; };
		99BDAD3B1AC51CC20054F760 /* HTTPTask.swift */ = {isa = PBXFileReference; fileEncoding = 4; lastKnownFileType = sourcecode.swift; path = HTTPTask.swift; sourceTree = "<group>"; };
		99BDAD3D1AC51DB20054F760 /* HTTPRequestSerializer.swift */ = {isa = PBXFileReference; fileEncoding = 4; lastKnownFileType = sourcecode.swift; path = HTTPRequestSerializer.swift; sourceTree = "<group>"; };
		99BDAD3E1AC51DB20054F760 /* HTTPResponseSerializer.swift */ = {isa = PBXFileReference; fileEncoding = 4; lastKnownFileType = sourcecode.swift; path = HTTPResponseSerializer.swift; sourceTree = "<group>"; };
		99BDAD411AC51DD50054F760 /* HTTPUpload.swift */ = {isa = PBXFileReference; fileEncoding = 4; lastKnownFileType = sourcecode.swift; path = HTTPUpload.swift; sourceTree = "<group>"; };
		99D478091AC13DC80008A91C /* AppController.swift */ = {isa = PBXFileReference; fileEncoding = 4; lastKnownFileType = sourcecode.swift; path = AppController.swift; sourceTree = "<group>"; };
		99E468A41AB2906E00067E16 /* yzt4ios.app */ = {isa = PBXFileReference; explicitFileType = wrapper.application; includeInIndex = 0; path = yzt4ios.app; sourceTree = BUILT_PRODUCTS_DIR; };
		99E468A81AB2906E00067E16 /* Info.plist */ = {isa = PBXFileReference; lastKnownFileType = text.plist.xml; path = Info.plist; sourceTree = "<group>"; };
		99E468A91AB2906E00067E16 /* AppDelegate.swift */ = {isa = PBXFileReference; lastKnownFileType = sourcecode.swift; path = AppDelegate.swift; sourceTree = "<group>"; };
		99E468AE1AB2906E00067E16 /* Base */ = {isa = PBXFileReference; lastKnownFileType = file.storyboard; name = Base; path = Base.lproj/Main.storyboard; sourceTree = "<group>"; };
		99E468B31AB2906E00067E16 /* Base */ = {isa = PBXFileReference; lastKnownFileType = file.xib; name = Base; path = Base.lproj/LaunchScreen.xib; sourceTree = "<group>"; };
		99E468B91AB2906E00067E16 /* yzt4iosTests.xctest */ = {isa = PBXFileReference; explicitFileType = wrapper.cfbundle; includeInIndex = 0; path = yzt4iosTests.xctest; sourceTree = BUILT_PRODUCTS_DIR; };
		99E468BE1AB2906E00067E16 /* Info.plist */ = {isa = PBXFileReference; lastKnownFileType = text.plist.xml; path = Info.plist; sourceTree = "<group>"; };
		99E468BF1AB2906E00067E16 /* yzt4iosTests.swift */ = {isa = PBXFileReference; lastKnownFileType = sourcecode.swift; path = yzt4iosTests.swift; sourceTree = "<group>"; };
		99E468C91AB290DA00067E16 /* ConversationController.swift */ = {isa = PBXFileReference; fileEncoding = 4; lastKnownFileType = sourcecode.swift; path = ConversationController.swift; sourceTree = "<group>"; };
		99E468CA1AB290DA00067E16 /* HomePageCell.swift */ = {isa = PBXFileReference; fileEncoding = 4; lastKnownFileType = sourcecode.swift; path = HomePageCell.swift; sourceTree = "<group>"; };
		99E468CB1AB290DA00067E16 /* HomePageController.swift */ = {isa = PBXFileReference; fileEncoding = 4; lastKnownFileType = sourcecode.swift; path = HomePageController.swift; sourceTree = "<group>"; };
		99E468CC1AB290DA00067E16 /* icon_application_small.png */ = {isa = PBXFileReference; lastKnownFileType = image.png; path = icon_application_small.png; sourceTree = "<group>"; };
		99E468CD1AB290DA00067E16 /* icon_home.png */ = {isa = PBXFileReference; lastKnownFileType = image.png; path = icon_home.png; sourceTree = "<group>"; };
		99E468CE1AB290DA00067E16 /* icon_list.png */ = {isa = PBXFileReference; lastKnownFileType = image.png; path = icon_list.png; sourceTree = "<group>"; };
		99E468CF1AB290DA00067E16 /* icon_my.png */ = {isa = PBXFileReference; lastKnownFileType = image.png; path = icon_my.png; sourceTree = "<group>"; };
		99E468D01AB290DA00067E16 /* MainController.swift */ = {isa = PBXFileReference; fileEncoding = 4; lastKnownFileType = sourcecode.swift; path = MainController.swift; sourceTree = "<group>"; };
		99E468D11AB290DA00067E16 /* MineController.swift */ = {isa = PBXFileReference; fileEncoding = 4; lastKnownFileType = sourcecode.swift; path = MineController.swift; sourceTree = "<group>"; };
		99E468D21AB290DA00067E16 /* ReportController.swift */ = {isa = PBXFileReference; fileEncoding = 4; lastKnownFileType = sourcecode.swift; path = ReportController.swift; sourceTree = "<group>"; };
		99E468DE1AB2AC1C00067E16 /* ReachabilityType.swift */ = {isa = PBXFileReference; fileEncoding = 4; lastKnownFileType = sourcecode.swift; path = ReachabilityType.swift; sourceTree = "<group>"; };
		99E468E01AB2B3FD00067E16 /* install_04.png */ = {isa = PBXFileReference; lastKnownFileType = image.png; path = install_04.png; sourceTree = "<group>"; };
		99E468E31AB2C52F00067E16 /* UserModel.swift */ = {isa = PBXFileReference; fileEncoding = 4; lastKnownFileType = sourcecode.swift; path = UserModel.swift; sourceTree = "<group>"; };
/* End PBXFileReference section */

/* Begin PBXFrameworksBuildPhase section */
		99E468A11AB2906E00067E16 /* Frameworks */ = {
			isa = PBXFrameworksBuildPhase;
			buildActionMask = 2147483647;
			files = (
			);
			runOnlyForDeploymentPostprocessing = 0;
		};
		99E468B61AB2906E00067E16 /* Frameworks */ = {
			isa = PBXFrameworksBuildPhase;
			buildActionMask = 2147483647;
			files = (
			);
			runOnlyForDeploymentPostprocessing = 0;
		};
/* End PBXFrameworksBuildPhase section */

/* Begin PBXGroup section */
		99BDAD431AC521F50054F760 /* SwiftHTTP */ = {
			isa = PBXGroup;
			children = (
				990866401AC53B0200F20A5E /* SwiftyJSON.swift */,
				99BDAD3D1AC51DB20054F760 /* HTTPRequestSerializer.swift */,
				99BDAD3E1AC51DB20054F760 /* HTTPResponseSerializer.swift */,
				99BDAD3B1AC51CC20054F760 /* HTTPTask.swift */,
				99BDAD411AC51DD50054F760 /* HTTPUpload.swift */,
			);
			name = SwiftHTTP;
			sourceTree = "<group>";
		};
		99E4689B1AB2906E00067E16 = {
			isa = PBXGroup;
			children = (
				99E468A61AB2906E00067E16 /* yzt4ios */,
				99E468BC1AB2906E00067E16 /* yzt4iosTests */,
				99E468A51AB2906E00067E16 /* Products */,
			);
			sourceTree = "<group>";
		};
		99E468A51AB2906E00067E16 /* Products */ = {
			isa = PBXGroup;
			children = (
				99E468A41AB2906E00067E16 /* yzt4ios.app */,
				99E468B91AB2906E00067E16 /* yzt4iosTests.xctest */,
			);
			name = Products;
			sourceTree = "<group>";
		};
		99E468A61AB2906E00067E16 /* yzt4ios */ = {
			isa = PBXGroup;
			children = (
				99E468E21AB2C47A00067E16 /* model */,
				99E468DD1AB2ABEF00067E16 /* utils */,
				99E468A91AB2906E00067E16 /* AppDelegate.swift */,
				99E468C91AB290DA00067E16 /* ConversationController.swift */,
				99E468CA1AB290DA00067E16 /* HomePageCell.swift */,
				99E468CB1AB290DA00067E16 /* HomePageController.swift */,
				99E468D01AB290DA00067E16 /* MainController.swift */,
				99E468D11AB290DA00067E16 /* MineController.swift */,
				99E468D21AB290DA00067E16 /* ReportController.swift */,
				99B5636B1AC3B9F100655591 /* ReportCell.swift */,
				99AE154B1AC1373200EDF0B0 /* AppWebController.swift */,
				99D478091AC13DC80008A91C /* AppController.swift */,
				99E468AD1AB2906E00067E16 /* Main.storyboard */,
				99E468B21AB2906E00067E16 /* LaunchScreen.xib */,
				99AE15491AC0FE6E00EDF0B0 /* Images.xcassets */,
				99E468A71AB2906E00067E16 /* Supporting Files */,
			);
			path = yzt4ios;
			sourceTree = "<group>";
		};
		99E468A71AB2906E00067E16 /* Supporting Files */ = {
			isa = PBXGroup;
			children = (
				9915DC1D1AC1433E0071E2F3 /* icon_meeting.png */,
				99B3EB081ABBBFB200EABEB6 /* tab_app.png */,
				99B3EB091ABBBFB200EABEB6 /* tab_main.png */,
				99B3EB0A1ABBBFB200EABEB6 /* tab_me.png */,
				99B3EB0B1ABBBFB200EABEB6 /* tab_show.png */,
				99BA91151AB8012800A1EE1C /* icon_contact.png */,
				99BA91131AB800DE00A1EE1C /* icon_password.png */,
				99BA91111AB800BD00A1EE1C /* icon_person.png */,
				99BA910F1AB8009900A1EE1C /* icon_touxiang.png */,
				992579F81AB670F6007FC453 /* icon_setting.png */,
				992579F61AB66EC6007FC453 /* head_portrait_bg.png */,
				992579F41AB66E3B007FC453 /* main_bg01.png */,
				99E468E01AB2B3FD00067E16 /* install_04.png */,
				99E468CC1AB290DA00067E16 /* icon_application_small.png */,
				99E468CD1AB290DA00067E16 /* icon_home.png */,
				99E468CE1AB290DA00067E16 /* icon_list.png */,
				99E468CF1AB290DA00067E16 /* icon_my.png */,
				99E468A81AB2906E00067E16 /* Info.plist */,
			);
			name = "Supporting Files";
			sourceTree = "<group>";
		};
		99E468BC1AB2906E00067E16 /* yzt4iosTests */ = {
			isa = PBXGroup;
			children = (
				99E468BF1AB2906E00067E16 /* yzt4iosTests.swift */,
				99E468BD1AB2906E00067E16 /* Supporting Files */,
			);
			path = yzt4iosTests;
			sourceTree = "<group>";
		};
		99E468BD1AB2906E00067E16 /* Supporting Files */ = {
			isa = PBXGroup;
			children = (
				99E468BE1AB2906E00067E16 /* Info.plist */,
			);
			name = "Supporting Files";
			sourceTree = "<group>";
		};
		99E468DD1AB2ABEF00067E16 /* utils */ = {
			isa = PBXGroup;
			children = (
				99BDAD431AC521F50054F760 /* SwiftHTTP */,
				99E468DE1AB2AC1C00067E16 /* ReachabilityType.swift */,
				99BDAD391AC501C90054F760 /* NetworkUtil.swift */,
			);
			name = utils;
			sourceTree = "<group>";
		};
		99E468E21AB2C47A00067E16 /* model */ = {
			isa = PBXGroup;
			children = (
				99E468E31AB2C52F00067E16 /* UserModel.swift */,
			);
			name = model;
			sourceTree = "<group>";
		};
/* End PBXGroup section */

/* Begin PBXNativeTarget section */
		99E468A31AB2906E00067E16 /* yzt4ios */ = {
			isa = PBXNativeTarget;
			buildConfigurationList = 99E468C31AB2906E00067E16 /* Build configuration list for PBXNativeTarget "yzt4ios" */;
			buildPhases = (
				99E468A01AB2906E00067E16 /* Sources */,
				99E468A11AB2906E00067E16 /* Frameworks */,
				99E468A21AB2906E00067E16 /* Resources */,
			);
			buildRules = (
			);
			dependencies = (
			);
			name = yzt4ios;
			productName = yzt4ios;
			productReference = 99E468A41AB2906E00067E16 /* yzt4ios.app */;
			productType = "com.apple.product-type.application";
		};
		99E468B81AB2906E00067E16 /* yzt4iosTests */ = {
			isa = PBXNativeTarget;
			buildConfigurationList = 99E468C61AB2906E00067E16 /* Build configuration list for PBXNativeTarget "yzt4iosTests" */;
			buildPhases = (
				99E468B51AB2906E00067E16 /* Sources */,
				99E468B61AB2906E00067E16 /* Frameworks */,
				99E468B71AB2906E00067E16 /* Resources */,
			);
			buildRules = (
			);
			dependencies = (
				99E468BB1AB2906E00067E16 /* PBXTargetDependency */,
			);
			name = yzt4iosTests;
			productName = yzt4iosTests;
			productReference = 99E468B91AB2906E00067E16 /* yzt4iosTests.xctest */;
			productType = "com.apple.product-type.bundle.unit-test";
		};
/* End PBXNativeTarget section */

/* Begin PBXProject section */
		99E4689C1AB2906E00067E16 /* Project object */ = {
			isa = PBXProject;
			attributes = {
				LastUpgradeCheck = 0610;
				ORGANIZATIONNAME = JasonFu;
				TargetAttributes = {
					99E468A31AB2906E00067E16 = {
						CreatedOnToolsVersion = 6.1.1;
					};
					99E468B81AB2906E00067E16 = {
						CreatedOnToolsVersion = 6.1.1;
						TestTargetID = 99E468A31AB2906E00067E16;
					};
				};
			};
			buildConfigurationList = 99E4689F1AB2906E00067E16 /* Build configuration list for PBXProject "yzt4ios" */;
			compatibilityVersion = "Xcode 3.2";
			developmentRegion = English;
			hasScannedForEncodings = 0;
			knownRegions = (
				en,
				Base,
			);
			mainGroup = 99E4689B1AB2906E00067E16;
			productRefGroup = 99E468A51AB2906E00067E16 /* Products */;
			projectDirPath = "";
			projectRoot = "";
			targets = (
				99E468A31AB2906E00067E16 /* yzt4ios */,
				99E468B81AB2906E00067E16 /* yzt4iosTests */,
			);
		};
/* End PBXProject section */

/* Begin PBXResourcesBuildPhase section */
		99E468A21AB2906E00067E16 /* Resources */ = {
			isa = PBXResourcesBuildPhase;
			buildActionMask = 2147483647;
			files = (
				99E468AF1AB2906E00067E16 /* Main.storyboard in Resources */,
				99BA91141AB800DE00A1EE1C /* icon_password.png in Resources */,
				992579F71AB66EC6007FC453 /* head_portrait_bg.png in Resources */,
				992579F91AB670F6007FC453 /* icon_setting.png in Resources */,
				992579F51AB66E3B007FC453 /* main_bg01.png in Resources */,
				99B3EB0C1ABBBFB200EABEB6 /* tab_app.png in Resources */,
				99B3EB0D1ABBBFB200EABEB6 /* tab_main.png in Resources */,
				99E468D61AB290DA00067E16 /* icon_application_small.png in Resources */,
				99E468D71AB290DA00067E16 /* icon_home.png in Resources */,
				99E468E11AB2B3FD00067E16 /* install_04.png in Resources */,
				99BA91101AB8009900A1EE1C /* icon_touxiang.png in Resources */,
				99B3EB0E1ABBBFB200EABEB6 /* tab_me.png in Resources */,
				9915DC1E1AC1433E0071E2F3 /* icon_meeting.png in Resources */,
				99BA91121AB800BD00A1EE1C /* icon_person.png in Resources */,
				99E468B41AB2906E00067E16 /* LaunchScreen.xib in Resources */,
				99B3EB0F1ABBBFB200EABEB6 /* tab_show.png in Resources */,
				99AE154A1AC0FE6E00EDF0B0 /* Images.xcassets in Resources */,
				99E468D81AB290DA00067E16 /* icon_list.png in Resources */,
				99E468D91AB290DA00067E16 /* icon_my.png in Resources */,
				99BA91161AB8012800A1EE1C /* icon_contact.png in Resources */,
			);
			runOnlyForDeploymentPostprocessing = 0;
		};
		99E468B71AB2906E00067E16 /* Resources */ = {
			isa = PBXResourcesBuildPhase;
			buildActionMask = 2147483647;
			files = (
			);
			runOnlyForDeploymentPostprocessing = 0;
		};
/* End PBXResourcesBuildPhase section */

/* Begin PBXSourcesBuildPhase section */
		99E468A01AB2906E00067E16 /* Sources */ = {
			isa = PBXSourcesBuildPhase;
			buildActionMask = 2147483647;
			files = (
				99BDAD401AC51DB20054F760 /* HTTPResponseSerializer.swift in Sources */,
				99BDAD3C1AC51CC20054F760 /* HTTPTask.swift in Sources */,
				99BDAD3A1AC501C90054F760 /* NetworkUtil.swift in Sources */,
				99E468DB1AB290DA00067E16 /* MineController.swift in Sources */,
				99E468D41AB290DA00067E16 /* HomePageCell.swift in Sources */,
				99E468D51AB290DA00067E16 /* HomePageController.swift in Sources */,
				99E468D31AB290DA00067E16 /* ConversationController.swift in Sources */,
				99E468DF1AB2AC1C00067E16 /* ReachabilityType.swift in Sources */,
				99D4780A1AC13DC80008A91C /* AppController.swift in Sources */,
				99E468E41AB2C52F00067E16 /* UserModel.swift in Sources */,
				99AE154C1AC1373200EDF0B0 /* AppWebController.swift in Sources */,
				99E468AA1AB2906E00067E16 /* AppDelegate.swift in Sources */,
				99E468DA1AB290DA00067E16 /* MainController.swift in Sources */,
				99BDAD421AC51DD50054F760 /* HTTPUpload.swift in Sources */,
				99BDAD3F1AC51DB20054F760 /* HTTPRequestSerializer.swift in Sources */,
				990866411AC53B0200F20A5E /* SwiftyJSON.swift in Sources */,
				99E468DC1AB290DA00067E16 /* ReportController.swift in Sources */,
				99B5636C1AC3B9F100655591 /* ReportCell.swift in Sources */,
			);
			runOnlyForDeploymentPostprocessing = 0;
		};
		99E468B51AB2906E00067E16 /* Sources */ = {
			isa = PBXSourcesBuildPhase;
			buildActionMask = 2147483647;
			files = (
				99E468C01AB2906E00067E16 /* yzt4iosTests.swift in Sources */,
			);
			runOnlyForDeploymentPostprocessing = 0;
		};
/* End PBXSourcesBuildPhase section */

/* Begin PBXTargetDependency section */
		99E468BB1AB2906E00067E16 /* PBXTargetDependency */ = {
			isa = PBXTargetDependency;
			target = 99E468A31AB2906E00067E16 /* yzt4ios */;
			targetProxy = 99E468BA1AB2906E00067E16 /* PBXContainerItemProxy */;
		};
/* End PBXTargetDependency section */

/* Begin PBXVariantGroup section */
		99E468AD1AB2906E00067E16 /* Main.storyboard */ = {
			isa = PBXVariantGroup;
			children = (
				99E468AE1AB2906E00067E16 /* Base */,
			);
			name = Main.storyboard;
			sourceTree = "<group>";
		};
		99E468B21AB2906E00067E16 /* LaunchScreen.xib */ = {
			isa = PBXVariantGroup;
			children = (
				99E468B31AB2906E00067E16 /* Base */,
			);
			name = LaunchScreen.xib;
			sourceTree = "<group>";
		};
/* End PBXVariantGroup section */

/* Begin XCBuildConfiguration section */
		99E468C11AB2906E00067E16 /* Debug */ = {
			isa = XCBuildConfiguration;
			buildSettings = {
				ALWAYS_SEARCH_USER_PATHS = NO;
				CLANG_CXX_LANGUAGE_STANDARD = "gnu++0x";
				CLANG_CXX_LIBRARY = "libc++";
				CLANG_ENABLE_MODULES = YES;
				CLANG_ENABLE_OBJC_ARC = YES;
				CLANG_WARN_BOOL_CONVERSION = YES;
				CLANG_WARN_CONSTANT_CONVERSION = YES;
				CLANG_WARN_DIRECT_OBJC_ISA_USAGE = YES_ERROR;
				CLANG_WARN_EMPTY_BODY = YES;
				CLANG_WARN_ENUM_CONVERSION = YES;
				CLANG_WARN_INT_CONVERSION = YES;
				CLANG_WARN_OBJC_ROOT_CLASS = YES_ERROR;
				CLANG_WARN_UNREACHABLE_CODE = YES;
				CLANG_WARN__DUPLICATE_METHOD_MATCH = YES;
				"CODE_SIGN_IDENTITY[sdk=iphoneos*]" = "iPhone Developer";
				COPY_PHASE_STRIP = NO;
				ENABLE_STRICT_OBJC_MSGSEND = YES;
				GCC_C_LANGUAGE_STANDARD = gnu99;
				GCC_DYNAMIC_NO_PIC = NO;
				GCC_OPTIMIZATION_LEVEL = 0;
				GCC_PREPROCESSOR_DEFINITIONS = (
					"DEBUG=1",
					"$(inherited)",
				);
				GCC_SYMBOLS_PRIVATE_EXTERN = NO;
				GCC_WARN_64_TO_32_BIT_CONVERSION = YES;
				GCC_WARN_ABOUT_RETURN_TYPE = YES_ERROR;
				GCC_WARN_UNDECLARED_SELECTOR = YES;
				GCC_WARN_UNINITIALIZED_AUTOS = YES_AGGRESSIVE;
				GCC_WARN_UNUSED_FUNCTION = YES;
				GCC_WARN_UNUSED_VARIABLE = YES;
				IPHONEOS_DEPLOYMENT_TARGET = 8.1;
				MTL_ENABLE_DEBUG_INFO = YES;
				ONLY_ACTIVE_ARCH = YES;
				SDKROOT = iphoneos;
				SWIFT_OPTIMIZATION_LEVEL = "-Onone";
			};
			name = Debug;
		};
		99E468C21AB2906E00067E16 /* Release */ = {
			isa = XCBuildConfiguration;
			buildSettings = {
				ALWAYS_SEARCH_USER_PATHS = NO;
				CLANG_CXX_LANGUAGE_STANDARD = "gnu++0x";
				CLANG_CXX_LIBRARY = "libc++";
				CLANG_ENABLE_MODULES = YES;
				CLANG_ENABLE_OBJC_ARC = YES;
				CLANG_WARN_BOOL_CONVERSION = YES;
				CLANG_WARN_CONSTANT_CONVERSION = YES;
				CLANG_WARN_DIRECT_OBJC_ISA_USAGE = YES_ERROR;
				CLANG_WARN_EMPTY_BODY = YES;
				CLANG_WARN_ENUM_CONVERSION = YES;
				CLANG_WARN_INT_CONVERSION = YES;
				CLANG_WARN_OBJC_ROOT_CLASS = YES_ERROR;
				CLANG_WARN_UNREACHABLE_CODE = YES;
				CLANG_WARN__DUPLICATE_METHOD_MATCH = YES;
				"CODE_SIGN_IDENTITY[sdk=iphoneos*]" = "iPhone Developer";
				COPY_PHASE_STRIP = YES;
				ENABLE_NS_ASSERTIONS = NO;
				ENABLE_STRICT_OBJC_MSGSEND = YES;
				GCC_C_LANGUAGE_STANDARD = gnu99;
				GCC_WARN_64_TO_32_BIT_CONVERSION = YES;
				GCC_WARN_ABOUT_RETURN_TYPE = YES_ERROR;
				GCC_WARN_UNDECLARED_SELECTOR = YES;
				GCC_WARN_UNINITIALIZED_AUTOS = YES_AGGRESSIVE;
				GCC_WARN_UNUSED_FUNCTION = YES;
				GCC_WARN_UNUSED_VARIABLE = YES;
				IPHONEOS_DEPLOYMENT_TARGET = 8.1;
				MTL_ENABLE_DEBUG_INFO = NO;
				SDKROOT = iphoneos;
				VALIDATE_PRODUCT = YES;
			};
			name = Release;
		};
		99E468C41AB2906E00067E16 /* Debug */ = {
			isa = XCBuildConfiguration;
			buildSettings = {
				ASSETCATALOG_COMPILER_APPICON_NAME = AppIcon;
				INFOPLIST_FILE = yzt4ios/Info.plist;
				LD_RUNPATH_SEARCH_PATHS = "$(inherited) @executable_path/Frameworks";
				PRODUCT_NAME = "$(TARGET_NAME)";
			};
			name = Debug;
		};
		99E468C51AB2906E00067E16 /* Release */ = {
			isa = XCBuildConfiguration;
			buildSettings = {
				ASSETCATALOG_COMPILER_APPICON_NAME = AppIcon;
				INFOPLIST_FILE = yzt4ios/Info.plist;
				LD_RUNPATH_SEARCH_PATHS = "$(inherited) @executable_path/Frameworks";
				PRODUCT_NAME = "$(TARGET_NAME)";
			};
			name = Release;
		};
		99E468C71AB2906E00067E16 /* Debug */ = {
			isa = XCBuildConfiguration;
			buildSettings = {
				BUNDLE_LOADER = "$(TEST_HOST)";
				FRAMEWORK_SEARCH_PATHS = (
					"$(SDKROOT)/Developer/Library/Frameworks",
					"$(inherited)",
				);
				GCC_PREPROCESSOR_DEFINITIONS = (
					"DEBUG=1",
					"$(inherited)",
				);
				INFOPLIST_FILE = yzt4iosTests/Info.plist;
				LD_RUNPATH_SEARCH_PATHS = "$(inherited) @executable_path/Frameworks @loader_path/Frameworks";
				PRODUCT_NAME = "$(TARGET_NAME)";
				TEST_HOST = "$(BUILT_PRODUCTS_DIR)/yzt4ios.app/yzt4ios";
			};
			name = Debug;
		};
		99E468C81AB2906E00067E16 /* Release */ = {
			isa = XCBuildConfiguration;
			buildSettings = {
				BUNDLE_LOADER = "$(TEST_HOST)";
				FRAMEWORK_SEARCH_PATHS = (
					"$(SDKROOT)/Developer/Library/Frameworks",
					"$(inherited)",
				);
				INFOPLIST_FILE = yzt4iosTests/Info.plist;
				LD_RUNPATH_SEARCH_PATHS = "$(inherited) @executable_path/Frameworks @loader_path/Frameworks";
				PRODUCT_NAME = "$(TARGET_NAME)";
				TEST_HOST = "$(BUILT_PRODUCTS_DIR)/yzt4ios.app/yzt4ios";
			};
			name = Release;
		};
/* End XCBuildConfiguration section */

/* Begin XCConfigurationList section */
		99E4689F1AB2906E00067E16 /* Build configuration list for PBXProject "yzt4ios" */ = {
			isa = XCConfigurationList;
			buildConfigurations = (
				99E468C11AB2906E00067E16 /* Debug */,
				99E468C21AB2906E00067E16 /* Release */,
			);
			defaultConfigurationIsVisible = 0;
			defaultConfigurationName = Release;
		};
		99E468C31AB2906E00067E16 /* Build configuration list for PBXNativeTarget "yzt4ios" */ = {
			isa = XCConfigurationList;
			buildConfigurations = (
				99E468C41AB2906E00067E16 /* Debug */,
				99E468C51AB2906E00067E16 /* Release */,
			);
			defaultConfigurationIsVisible = 0;
			defaultConfigurationName = Release;
		};
		99E468C61AB2906E00067E16 /* Build configuration list for PBXNativeTarget "yzt4iosTests" */ = {
			isa = XCConfigurationList;
			buildConfigurations = (
				99E468C71AB2906E00067E16 /* Debug */,
				99E468C81AB2906E00067E16 /* Release */,
			);
			defaultConfigurationIsVisible = 0;
			defaultConfigurationName = Release;
		};
/* End XCConfigurationList section */
	};
	rootObject = 99E4689C1AB2906E00067E16 /* Project object */;
}
